
Microsoft Visual Studio Solution File, Format Version 12.00
# Visual Studio Version 17
VisualStudioVersion = 17.2.32630.192
MinimumVisualStudioVersion = 10.0.40219.1
Project("{FAE04EC0-301F-11D3-BF4B-00C04F79EFBC}") = "WindowsFormsApp1", "WindowsFormsApp1\WindowsFormsApp1.csproj", "{7D84978D-C18C-4D46-8CBA-4BEA7AB23416}"
EndProject
Global
	GlobalSection(SolutionConfigurationPlatforms) = preSolution
		Debug|Any CPU = Debug|Any CPU
		Release|Any CPU = Release|Any CPU
	EndGlobalSection
	GlobalSection(ProjectConfigurationPlatforms) = postSolution
		{7D84978D-C18C-4D46-8CBA-4BEA7AB23416}.Debug|Any CPU.ActiveCfg = Debug|Any CPU
		{7D84978D-C18C-4D46-8CBA-4BEA7AB23416}.Debug|Any CPU.Build.0 = Debug|Any CPU
		{7D84978D-C18C-4D46-8CBA-4BEA7AB23416}.Release|Any CPU.ActiveCfg = Release|Any CPU
		{7D84978D-C18C-4D46-8CBA-4BEA7AB23416}.Release|Any CPU.Build.0 = Release|Any CPU
	EndGlobalSection
	GlobalSection(SolutionProperties) = preSolution
		HideSolutionNode = FALSE
	EndGlobalSection
	GlobalSection(ExtensibilityGlobals) = postSolution
		SolutionGuid = {EE769B8E-448E-43AE-8EDE-B3A45C1853A5}
	EndGlobalSection
EndGlobal
